
Microsoft Visual Studio Solution File, Format Version 12.00
# Visual Studio Version 16
VisualStudioVersion = 16.0.31624.102
MinimumVisualStudioVersion = 10.0.40219.1
Project("{FAE04EC0-301F-11D3-BF4B-00C04F79EFBC}") = "DataSmart", "DataSmart\DataSmart.csproj", "{D3FA5365-DD24-401F-906B-320D3C6B3624}"
EndProject
Global
	GlobalSection(SolutionConfigurationPlatforms) = preSolution
		Debug|Any CPU = Debug|Any CPU
		Release|Any CPU = Release|Any CPU
	EndGlobalSection
	GlobalSection(ProjectConfigurationPlatforms) = postSolution
		{D3FA5365-DD24-401F-906B-320D3C6B3624}.Debug|Any CPU.ActiveCfg = Debug|Any CPU
		{D3FA5365-DD24-401F-906B-320D3C6B3624}.Debug|Any CPU.Build.0 = Debug|Any CPU
		{D3FA5365-DD24-401F-906B-320D3C6B3624}.Release|Any CPU.ActiveCfg = Release|Any CPU
		{D3FA5365-DD24-401F-906B-320D3C6B3624}.Release|Any CPU.Build.0 = Release|Any CPU
	EndGlobalSection
	GlobalSection(SolutionProperties) = preSolution
		HideSolutionNode = FALSE
	EndGlobalSection
	GlobalSection(ExtensibilityGlobals) = postSolution
		SolutionGuid = {8EFC903A-3A67-4D8E-A7D5-7D35B43CCA1F}
	EndGlobalSection
EndGlobal
